
Microsoft Visual Studio Solution File, Format Version 12.00
# Visual Studio Version 17
VisualStudioVersion = 17.9.34723.18
MinimumVisualStudioVersion = 10.0.40219.1
Project("{FAE04EC0-301F-11D3-BF4B-00C04F79EFBC}") = "web_aps.net", "web_aps.net\web_aps.net.csproj", "{A1497577-3B37-4F9D-9529-12E01B1DC1CF}"
EndProject
Global
	GlobalSection(SolutionConfigurationPlatforms) = preSolution
		Debug|Any CPU = Debug|Any CPU
		Release|Any CPU = Release|Any CPU
	EndGlobalSection
	GlobalSection(ProjectConfigurationPlatforms) = postSolution
		{A1497577-3B37-4F9D-9529-12E01B1DC1CF}.Debug|Any CPU.ActiveCfg = Debug|Any CPU
		{A1497577-3B37-4F9D-9529-12E01B1DC1CF}.Debug|Any CPU.Build.0 = Debug|Any CPU
		{A1497577-3B37-4F9D-9529-12E01B1DC1CF}.Release|Any CPU.ActiveCfg = Release|Any CPU
		{A1497577-3B37-4F9D-9529-12E01B1DC1CF}.Release|Any CPU.Build.0 = Release|Any CPU
	EndGlobalSection
	GlobalSection(SolutionProperties) = preSolution
		HideSolutionNode = FALSE
	EndGlobalSection
	GlobalSection(ExtensibilityGlobals) = postSolution
		SolutionGuid = {1582285E-98B8-47EF-9F1E-769B5132A4EF}
	EndGlobalSection
EndGlobal
